
Microsoft Visual Studio Solution File, Format Version 12.00
# Visual Studio 14
VisualStudioVersion = 14.0.25420.1
MinimumVisualStudioVersion = 10.0.40219.1
Project("{8BC9CEB8-8B4A-11D0-8D11-00A0C91BC942}") = "2 pavyzdys", "ConsoleApplication8\ConsoleApplication8.vcxproj", "{ACFF00F4-F748-4702-818E-2432E019E59B}"
EndProject
Project("{8BC9CEB8-8B4A-11D0-8D11-00A0C91BC942}") = "1 pavyzdys", "1 pavyzdys\1 pavyzdys.vcxproj", "{6724AA6E-1AAD-4E1A-B767-7394761A4A51}"
EndProject
Project("{8BC9CEB8-8B4A-11D0-8D11-00A0C91BC942}") = "3 pavyzdys", "3 pavyzdys\3 pavyzdys.vcxproj", "{66B04848-E7EA-449E-AD52-0BADEFB6F53B}"
EndProject
Project("{8BC9CEB8-8B4A-11D0-8D11-00A0C91BC942}") = "4 pavyzdys", "4 pavyzdys\4 pavyzdys.vcxproj", "{168A2977-A154-4846-A0D6-86A838716D39}"
EndProject
Project("{8BC9CEB8-8B4A-11D0-8D11-00A0C91BC942}") = "5 pavyzdys", "5 pavyzdys\5 pavyzdys.vcxproj", "{4E6C295D-26FC-44EC-AFCE-27C9DEF30E50}"
EndProject
Project("{8BC9CEB8-8B4A-11D0-8D11-00A0C91BC942}") = "6 pavyzdys", "6 pavyzdys\6 pavyzdys.vcxproj", "{9BE7059B-EF05-4681-9DF4-33651B73BAE0}"
EndProject
Project("{8BC9CEB8-8B4A-11D0-8D11-00A0C91BC942}") = "7 pavyzdys", "7 pavyzdys\7 pavyzdys.vcxproj", "{AC207C17-57CC-42F5-94B9-C27BB629F297}"
EndProject
Project("{8BC9CEB8-8B4A-11D0-8D11-00A0C91BC942}") = "8 pavyzdys", "8 pavyzdys\8 pavyzdys.vcxproj", "{6D93F86B-3A5E-4BBD-B205-DFC6A52B8EEB}"
EndProject
Project("{8BC9CEB8-8B4A-11D0-8D11-00A0C91BC942}") = "9 pavyzdys", "9 pavyzdys\9 pavyzdys.vcxproj", "{3D5D3562-6941-4503-B6BA-08505F6BB2A3}"
EndProject
Project("{8BC9CEB8-8B4A-11D0-8D11-00A0C91BC942}") = "10 pavyzdys", "10 pavyzdys\10 pavyzdys.vcxproj", "{5AAFA3C7-1239-46ED-8469-DAA3CAD41AD4}"
EndProject
Project("{8BC9CEB8-8B4A-11D0-8D11-00A0C91BC942}") = "11 pavyzdys", "11 pavyzdys\11 pavyzdys.vcxproj", "{6C9E1CCA-96B8-4138-BF2D-DDBF48057854}"
EndProject
Project("{8BC9CEB8-8B4A-11D0-8D11-00A0C91BC942}") = "12 pavyzdys", "12 pavyzdys\12 pavyzdys.vcxproj", "{D12109A1-291C-4407-8FF1-CB1B117B5BAC}"
EndProject
Project("{8BC9CEB8-8B4A-11D0-8D11-00A0C91BC942}") = "13 pavyzdys", "13 pavyzdys\13 pavyzdys.vcxproj", "{97759E00-A6C3-48A7-BB60-9A920BE86DEE}"
EndProject
Project("{8BC9CEB8-8B4A-11D0-8D11-00A0C91BC942}") = "14 pavyzdys", "14 pavyzdys\14 pavyzdys.vcxproj", "{5A0E2133-EB41-4556-BA7E-39527F26D0DE}"
EndProject
Project("{8BC9CEB8-8B4A-11D0-8D11-00A0C91BC942}") = "15 pavyzdys", "15 pavyzdys\15 pavyzdys.vcxproj", "{4D12F9D6-DB30-41CF-857C-96DEBEBDD86D}"
EndProject
Project("{8BC9CEB8-8B4A-11D0-8D11-00A0C91BC942}") = "16 pavyzdys", "16 pavyzdys\16 pavyzdys.vcxproj", "{E158F9E9-DE5D-4B9F-BCE3-C2E3324E405C}"
EndProject
Project("{8BC9CEB8-8B4A-11D0-8D11-00A0C91BC942}") = "17 pavyzdys", "17 pavyzdys\17 pavyzdys.vcxproj", "{42EF1292-FCB4-4BAC-8E5C-58E8266D6F15}"
EndProject
Project("{8BC9CEB8-8B4A-11D0-8D11-00A0C91BC942}") = "18 pavyzdys", "18 pavyzdys\18 pavyzdys.vcxproj", "{547818F8-2621-44D2-9B23-930179423C5F}"
EndProject
Project("{8BC9CEB8-8B4A-11D0-8D11-00A0C91BC942}") = "19 pavyzdys", "19 pavyzdys\19 pavyzdys.vcxproj", "{DDC60A67-C92B-4BF9-B856-93C076B9C468}"
EndProject
Project("{8BC9CEB8-8B4A-11D0-8D11-00A0C91BC942}") = "20 pavyzdys", "20 pavyzdys\20 pavyzdys.vcxproj", "{2342E5A4-2263-4CC8-88A9-2DDB806AB87B}"
EndProject
Project("{8BC9CEB8-8B4A-11D0-8D11-00A0C91BC942}") = "21 pavyzdys", "21 pavyzdys\21 pavyzdys.vcxproj", "{1299D600-4E3E-4111-BFB2-E894310CAAFF}"
EndProject
Global
	GlobalSection(SolutionConfigurationPlatforms) = preSolution
		Debug|x64 = Debug|x64
		Debug|x86 = Debug|x86
		Release|x64 = Release|x64
		Release|x86 = Release|x86
	EndGlobalSection
	GlobalSection(ProjectConfigurationPlatforms) = postSolution
		{ACFF00F4-F748-4702-818E-2432E019E59B}.Debug|x64.ActiveCfg = Debug|x64
		{ACFF00F4-F748-4702-818E-2432E019E59B}.Debug|x64.Build.0 = Debug|x64
		{ACFF00F4-F748-4702-818E-2432E019E59B}.Debug|x86.ActiveCfg = Debug|Win32
		{ACFF00F4-F748-4702-818E-2432E019E59B}.Debug|x86.Build.0 = Debug|Win32
		{ACFF00F4-F748-4702-818E-2432E019E59B}.Release|x64.ActiveCfg = Release|x64
		{ACFF00F4-F748-4702-818E-2432E019E59B}.Release|x64.Build.0 = Release|x64
		{ACFF00F4-F748-4702-818E-2432E019E59B}.Release|x86.ActiveCfg = Release|Win32
		{ACFF00F4-F748-4702-818E-2432E019E59B}.Release|x86.Build.0 = Release|Win32
		{6724AA6E-1AAD-4E1A-B767-7394761A4A51}.Debug|x64.ActiveCfg = Debug|x64
		{6724AA6E-1AAD-4E1A-B767-7394761A4A51}.Debug|x64.Build.0 = Debug|x64
		{6724AA6E-1AAD-4E1A-B767-7394761A4A51}.Debug|x86.ActiveCfg = Debug|Win32
		{6724AA6E-1AAD-4E1A-B767-7394761A4A51}.Debug|x86.Build.0 = Debug|Win32
		{6724AA6E-1AAD-4E1A-B767-7394761A4A51}.Release|x64.ActiveCfg = Release|x64
		{6724AA6E-1AAD-4E1A-B767-7394761A4A51}.Release|x64.Build.0 = Release|x64
		{6724AA6E-1AAD-4E1A-B767-7394761A4A51}.Release|x86.ActiveCfg = Release|Win32
		{6724AA6E-1AAD-4E1A-B767-7394761A4A51}.Release|x86.Build.0 = Release|Win32
		{66B04848-E7EA-449E-AD52-0BADEFB6F53B}.Debug|x64.ActiveCfg = Debug|x64
		{66B04848-E7EA-449E-AD52-0BADEFB6F53B}.Debug|x64.Build.0 = Debug|x64
		{66B04848-E7EA-449E-AD52-0BADEFB6F53B}.Debug|x86.ActiveCfg = Debug|Win32
		{66B04848-E7EA-449E-AD52-0BADEFB6F53B}.Debug|x86.Build.0 = Debug|Win32
		{66B04848-E7EA-449E-AD52-0BADEFB6F53B}.Release|x64.ActiveCfg = Release|x64
		{66B04848-E7EA-449E-AD52-0BADEFB6F53B}.Release|x64.Build.0 = Release|x64
		{66B04848-E7EA-449E-AD52-0BADEFB6F53B}.Release|x86.ActiveCfg = Release|Win32
		{66B04848-E7EA-449E-AD52-0BADEFB6F53B}.Release|x86.Build.0 = Release|Win32
		{168A2977-A154-4846-A0D6-86A838716D39}.Debug|x64.ActiveCfg = Debug|x64
		{168A2977-A154-4846-A0D6-86A838716D39}.Debug|x64.Build.0 = Debug|x64
		{168A2977-A154-4846-A0D6-86A838716D39}.Debug|x86.ActiveCfg = Debug|Win32
		{168A2977-A154-4846-A0D6-86A838716D39}.Debug|x86.Build.0 = Debug|Win32
		{168A2977-A154-4846-A0D6-86A838716D39}.Release|x64.ActiveCfg = Release|x64
		{168A2977-A154-4846-A0D6-86A838716D39}.Release|x64.Build.0 = Release|x64
		{168A2977-A154-4846-A0D6-86A838716D39}.Release|x86.ActiveCfg = Release|Win32
		{168A2977-A154-4846-A0D6-86A838716D39}.Release|x86.Build.0 = Release|Win32
		{4E6C295D-26FC-44EC-AFCE-27C9DEF30E50}.Debug|x64.ActiveCfg = Debug|x64
		{4E6C295D-26FC-44EC-AFCE-27C9DEF30E50}.Debug|x64.Build.0 = Debug|x64
		{4E6C295D-26FC-44EC-AFCE-27C9DEF30E50}.Debug|x86.ActiveCfg = Debug|Win32
		{4E6C295D-26FC-44EC-AFCE-27C9DEF30E50}.Debug|x86.Build.0 = Debug|Win32
		{4E6C295D-26FC-44EC-AFCE-27C9DEF30E50}.Release|x64.ActiveCfg = Release|x64
		{4E6C295D-26FC-44EC-AFCE-27C9DEF30E50}.Release|x64.Build.0 = Release|x64
		{4E6C295D-26FC-44EC-AFCE-27C9DEF30E50}.Release|x86.ActiveCfg = Release|Win32
		{4E6C295D-26FC-44EC-AFCE-27C9DEF30E50}.Release|x86.Build.0 = Release|Win32
		{9BE7059B-EF05-4681-9DF4-33651B73BAE0}.Debug|x64.ActiveCfg = Debug|x64
		{9BE7059B-EF05-4681-9DF4-33651B73BAE0}.Debug|x64.Build.0 = Debug|x64
		{9BE7059B-EF05-4681-9DF4-33651B73BAE0}.Debug|x86.ActiveCfg = Debug|Win32
		{9BE7059B-EF05-4681-9DF4-33651B73BAE0}.Debug|x86.Build.0 = Debug|Win32
		{9BE7059B-EF05-4681-9DF4-33651B73BAE0}.Release|x64.ActiveCfg = Release|x64
		{9BE7059B-EF05-4681-9DF4-33651B73BAE0}.Release|x64.Build.0 = Release|x64
		{9BE7059B-EF05-4681-9DF4-33651B73BAE0}.Release|x86.ActiveCfg = Release|Win32
		{9BE7059B-EF05-4681-9DF4-33651B73BAE0}.Release|x86.Build.0 = Release|Win32
		{AC207C17-57CC-42F5-94B9-C27BB629F297}.Debug|x64.ActiveCfg = Debug|x64
		{AC207C17-57CC-42F5-94B9-C27BB629F297}.Debug|x64.Build.0 = Debug|x64
		{AC207C17-57CC-42F5-94B9-C27BB629F297}.Debug|x86.ActiveCfg = Debug|Win32
		{AC207C17-57CC-42F5-94B9-C27BB629F297}.Debug|x86.Build.0 = Debug|Win32
		{AC207C17-57CC-42F5-94B9-C27BB629F297}.Release|x64.ActiveCfg = Release|x64
		{AC207C17-57CC-42F5-94B9-C27BB629F297}.Release|x64.Build.0 = Release|x64
		{AC207C17-57CC-42F5-94B9-C27BB629F297}.Release|x86.ActiveCfg = Release|Win32
		{AC207C17-57CC-42F5-94B9-C27BB629F297}.Release|x86.Build.0 = Release|Win32
		{6D93F86B-3A5E-4BBD-B205-DFC6A52B8EEB}.Debug|x64.ActiveCfg = Debug|x64
		{6D93F86B-3A5E-4BBD-B205-DFC6A52B8EEB}.Debug|x64.Build.0 = Debug|x64
		{6D93F86B-3A5E-4BBD-B205-DFC6A52B8EEB}.Debug|x86.ActiveCfg = Debug|Win32
		{6D93F86B-3A5E-4BBD-B205-DFC6A52B8EEB}.Debug|x86.Build.0 = Debug|Win32
		{6D93F86B-3A5E-4BBD-B205-DFC6A52B8EEB}.Release|x64.ActiveCfg = Release|x64
		{6D93F86B-3A5E-4BBD-B205-DFC6A52B8EEB}.Release|x64.Build.0 = Release|x64
		{6D93F86B-3A5E-4BBD-B205-DFC6A52B8EEB}.Release|x86.ActiveCfg = Release|Win32
		{6D93F86B-3A5E-4BBD-B205-DFC6A52B8EEB}.Release|x86.Build.0 = Release|Win32
		{3D5D3562-6941-4503-B6BA-08505F6BB2A3}.Debug|x64.ActiveCfg = Debug|x64
		{3D5D3562-6941-4503-B6BA-08505F6BB2A3}.Debug|x64.Build.0 = Debug|x64
		{3D5D3562-6941-4503-B6BA-08505F6BB2A3}.Debug|x86.ActiveCfg = Debug|Win32
		{3D5D3562-6941-4503-B6BA-08505F6BB2A3}.Debug|x86.Build.0 = Debug|Win32
		{3D5D3562-6941-4503-B6BA-08505F6BB2A3}.Release|x64.ActiveCfg = Release|x64
		{3D5D3562-6941-4503-B6BA-08505F6BB2A3}.Release|x64.Build.0 = Release|x64
		{3D5D3562-6941-4503-B6BA-08505F6BB2A3}.Release|x86.ActiveCfg = Release|Win32
		{3D5D3562-6941-4503-B6BA-08505F6BB2A3}.Release|x86.Build.0 = Release|Win32
		{5AAFA3C7-1239-46ED-8469-DAA3CAD41AD4}.Debug|x64.ActiveCfg = Debug|x64
		{5AAFA3C7-1239-46ED-8469-DAA3CAD41AD4}.Debug|x64.Build.0 = Debug|x64
		{5AAFA3C7-1239-46ED-8469-DAA3CAD41AD4}.Debug|x86.ActiveCfg = Debug|Win32
		{5AAFA3C7-1239-46ED-8469-DAA3CAD41AD4}.Debug|x86.Build.0 = Debug|Win32
		{5AAFA3C7-1239-46ED-8469-DAA3CAD41AD4}.Release|x64.ActiveCfg = Release|x64
		{5AAFA3C7-1239-46ED-8469-DAA3CAD41AD4}.Release|x64.Build.0 = Release|x64
		{5AAFA3C7-1239-46ED-8469-DAA3CAD41AD4}.Release|x86.ActiveCfg = Release|Win32
		{5AAFA3C7-1239-46ED-8469-DAA3CAD41AD4}.Release|x86.Build.0 = Release|Win32
		{6C9E1CCA-96B8-4138-BF2D-DDBF48057854}.Debug|x64.ActiveCfg = Debug|x64
		{6C9E1CCA-96B8-4138-BF2D-DDBF48057854}.Debug|x64.Build.0 = Debug|x64
		{6C9E1CCA-96B8-4138-BF2D-DDBF48057854}.Debug|x86.ActiveCfg = Debug|Win32
		{6C9E1CCA-96B8-4138-BF2D-DDBF48057854}.Debug|x86.Build.0 = Debug|Win32
		{6C9E1CCA-96B8-4138-BF2D-DDBF48057854}.Release|x64.ActiveCfg = Release|x64
		{6C9E1CCA-96B8-4138-BF2D-DDBF48057854}.Release|x64.Build.0 = Release|x64
		{6C9E1CCA-96B8-4138-BF2D-DDBF48057854}.Release|x86.ActiveCfg = Release|Win32
		{6C9E1CCA-96B8-4138-BF2D-DDBF48057854}.Release|x86.Build.0 = Release|Win32
		{D12109A1-291C-4407-8FF1-CB1B117B5BAC}.Debug|x64.ActiveCfg = Debug|x64
		{D12109A1-291C-4407-8FF1-CB1B117B5BAC}.Debug|x64.Build.0 = Debug|x64
		{D12109A1-291C-4407-8FF1-CB1B117B5BAC}.Debug|x86.ActiveCfg = Debug|Win32
		{D12109A1-291C-4407-8FF1-CB1B117B5BAC}.Debug|x86.Build.0 = Debug|Win32
		{D12109A1-291C-4407-8FF1-CB1B117B5BAC}.Release|x64.ActiveCfg = Release|x64
		{D12109A1-291C-4407-8FF1-CB1B117B5BAC}.Release|x64.Build.0 = Release|x64
		{D12109A1-291C-4407-8FF1-CB1B117B5BAC}.Release|x86.ActiveCfg = Release|Win32
		{D12109A1-291C-4407-8FF1-CB1B117B5BAC}.Release|x86.Build.0 = Release|Win32
		{97759E00-A6C3-48A7-BB60-9A920BE86DEE}.Debug|x64.ActiveCfg = Debug|x64
		{97759E00-A6C3-48A7-BB60-9A920BE86DEE}.Debug|x64.Build.0 = Debug|x64
		{97759E00-A6C3-48A7-BB60-9A920BE86DEE}.Debug|x86.ActiveCfg = Debug|Win32
		{97759E00-A6C3-48A7-BB60-9A920BE86DEE}.Debug|x86.Build.0 = Debug|Win32
		{97759E00-A6C3-48A7-BB60-9A920BE86DEE}.Release|x64.ActiveCfg = Release|x64
		{97759E00-A6C3-48A7-BB60-9A920BE86DEE}.Release|x64.Build.0 = Release|x64
		{97759E00-A6C3-48A7-BB60-9A920BE86DEE}.Release|x86.ActiveCfg = Release|Win32
		{97759E00-A6C3-48A7-BB60-9A920BE86DEE}.Release|x86.Build.0 = Release|Win32
		{5A0E2133-EB41-4556-BA7E-39527F26D0DE}.Debug|x64.ActiveCfg = Debug|x64
		{5A0E2133-EB41-4556-BA7E-39527F26D0DE}.Debug|x64.Build.0 = Debug|x64
		{5A0E2133-EB41-4556-BA7E-39527F26D0DE}.Debug|x86.ActiveCfg = Debug|Win32
		{5A0E2133-EB41-4556-BA7E-39527F26D0DE}.Debug|x86.Build.0 = Debug|Win32
		{5A0E2133-EB41-4556-BA7E-39527F26D0DE}.Release|x64.ActiveCfg = Release|x64
		{5A0E2133-EB41-4556-BA7E-39527F26D0DE}.Release|x64.Build.0 = Release|x64
		{5A0E2133-EB41-4556-BA7E-39527F26D0DE}.Release|x86.ActiveCfg = Release|Win32
		{5A0E2133-EB41-4556-BA7E-39527F26D0DE}.Release|x86.Build.0 = Release|Win32
		{4D12F9D6-DB30-41CF-857C-96DEBEBDD86D}.Debug|x64.ActiveCfg = Debug|x64
		{4D12F9D6-DB30-41CF-857C-96DEBEBDD86D}.Debug|x64.Build.0 = Debug|x64
		{4D12F9D6-DB30-41CF-857C-96DEBEBDD86D}.Debug|x86.ActiveCfg = Debug|Win32
		{4D12F9D6-DB30-41CF-857C-96DEBEBDD86D}.Debug|x86.Build.0 = Debug|Win32
		{4D12F9D6-DB30-41CF-857C-96DEBEBDD86D}.Release|x64.ActiveCfg = Release|x64
		{4D12F9D6-DB30-41CF-857C-96DEBEBDD86D}.Release|x64.Build.0 = Release|x64
		{4D12F9D6-DB30-41CF-857C-96DEBEBDD86D}.Release|x86.ActiveCfg = Release|Win32
		{4D12F9D6-DB30-41CF-857C-96DEBEBDD86D}.Release|x86.Build.0 = Release|Win32
		{E158F9E9-DE5D-4B9F-BCE3-C2E3324E405C}.Debug|x64.ActiveCfg = Debug|x64
		{E158F9E9-DE5D-4B9F-BCE3-C2E3324E405C}.Debug|x64.Build.0 = Debug|x64
		{E158F9E9-DE5D-4B9F-BCE3-C2E3324E405C}.Debug|x86.ActiveCfg = Debug|Win32
		{E158F9E9-DE5D-4B9F-BCE3-C2E3324E405C}.Debug|x86.Build.0 = Debug|Win32
		{E158F9E9-DE5D-4B9F-BCE3-C2E3324E405C}.Release|x64.ActiveCfg = Release|x64
		{E158F9E9-DE5D-4B9F-BCE3-C2E3324E405C}.Release|x64.Build.0 = Release|x64
		{E158F9E9-DE5D-4B9F-BCE3-C2E3324E405C}.Release|x86.ActiveCfg = Release|Win32
		{E158F9E9-DE5D-4B9F-BCE3-C2E3324E405C}.Release|x86.Build.0 = Release|Win32
		{42EF1292-FCB4-4BAC-8E5C-58E8266D6F15}.Debug|x64.ActiveCfg = Debug|x64
		{42EF1292-FCB4-4BAC-8E5C-58E8266D6F15}.Debug|x64.Build.0 = Debug|x64
		{42EF1292-FCB4-4BAC-8E5C-58E8266D6F15}.Debug|x86.ActiveCfg = Debug|Win32
		{42EF1292-FCB4-4BAC-8E5C-58E8266D6F15}.Debug|x86.Build.0 = Debug|Win32
		{42EF1292-FCB4-4BAC-8E5C-58E8266D6F15}.Release|x64.ActiveCfg = Release|x64
		{42EF1292-FCB4-4BAC-8E5C-58E8266D6F15}.Release|x64.Build.0 = Release|x64
		{42EF1292-FCB4-4BAC-8E5C-58E8266D6F15}.Release|x86.ActiveCfg = Release|Win32
		{42EF1292-FCB4-4BAC-8E5C-58E8266D6F15}.Release|x86.Build.0 = Release|Win32
		{547818F8-2621-44D2-9B23-930179423C5F}.Debug|x64.ActiveCfg = Debug|x64
		{547818F8-2621-44D2-9B23-930179423C5F}.Debug|x64.Build.0 = Debug|x64
		{547818F8-2621-44D2-9B23-930179423C5F}.Debug|x86.ActiveCfg = Debug|Win32
		{547818F8-2621-44D2-9B23-930179423C5F}.Debug|x86.Build.0 = Debug|Win32
		{547818F8-2621-44D2-9B23-930179423C5F}.Release|x64.ActiveCfg = Release|x64
		{547818F8-2621-44D2-9B23-930179423C5F}.Release|x64.Build.0 = Release|x64
		{547818F8-2621-44D2-9B23-930179423C5F}.Release|x86.ActiveCfg = Release|Win32
		{547818F8-2621-44D2-9B23-930179423C5F}.Release|x86.Build.0 = Release|Win32
		{DDC60A67-C92B-4BF9-B856-93C076B9C468}.Debug|x64.ActiveCfg = Debug|x64
		{DDC60A67-C92B-4BF9-B856-93C076B9C468}.Debug|x64.Build.0 = Debug|x64
		{DDC60A67-C92B-4BF9-B856-93C076B9C468}.Debug|x86.ActiveCfg = Debug|Win32
		{DDC60A67-C92B-4BF9-B856-93C076B9C468}.Debug|x86.Build.0 = Debug|Win32
		{DDC60A67-C92B-4BF9-B856-93C076B9C468}.Release|x64.ActiveCfg = Release|x64
		{DDC60A67-C92B-4BF9-B856-93C076B9C468}.Release|x64.Build.0 = Release|x64
		{DDC60A67-C92B-4BF9-B856-93C076B9C468}.Release|x86.ActiveCfg = Release|Win32
		{DDC60A67-C92B-4BF9-B856-93C076B9C468}.Release|x86.Build.0 = Release|Win32
		{2342E5A4-2263-4CC8-88A9-2DDB806AB87B}.Debug|x64.ActiveCfg = Debug|x64
		{2342E5A4-2263-4CC8-88A9-2DDB806AB87B}.Debug|x64.Build.0 = Debug|x64
		{2342E5A4-2263-4CC8-88A9-2DDB806AB87B}.Debug|x86.ActiveCfg = Debug|Win32
		{2342E5A4-2263-4CC8-88A9-2DDB806AB87B}.Debug|x86.Build.0 = Debug|Win32
		{2342E5A4-2263-4CC8-88A9-2DDB806AB87B}.Release|x64.ActiveCfg = Release|x64
		{2342E5A4-2263-4CC8-88A9-2DDB806AB87B}.Release|x64.Build.0 = Release|x64
		{2342E5A4-2263-4CC8-88A9-2DDB806AB87B}.Release|x86.ActiveCfg = Release|Win32
		{2342E5A4-2263-4CC8-88A9-2DDB806AB87B}.Release|x86.Build.0 = Release|Win32
		{1299D600-4E3E-4111-BFB2-E894310CAAFF}.Debug|x64.ActiveCfg = Debug|x64
		{1299D600-4E3E-4111-BFB2-E894310CAAFF}.Debug|x64.Build.0 = Debug|x64
		{1299D600-4E3E-4111-BFB2-E894310CAAFF}.Debug|x86.ActiveCfg = Debug|Win32
		{1299D600-4E3E-4111-BFB2-E894310CAAFF}.Debug|x86.Build.0 = Debug|Win32
		{1299D600-4E3E-4111-BFB2-E894310CAAFF}.Release|x64.ActiveCfg = Release|x64
		{1299D600-4E3E-4111-BFB2-E894310CAAFF}.Release|x64.Build.0 = Release|x64
		{1299D600-4E3E-4111-BFB2-E894310CAAFF}.Release|x86.ActiveCfg = Release|Win32
		{1299D600-4E3E-4111-BFB2-E894310CAAFF}.Release|x86.Build.0 = Release|Win32
	EndGlobalSection
	GlobalSection(SolutionProperties) = preSolution
		HideSolutionNode = FALSE
	EndGlobalSection
EndGlobal
